
Microsoft Visual Studio Solution File, Format Version 12.00
# Visual Studio Version 17
VisualStudioVersion = 17.3.32929.385
MinimumVisualStudioVersion = 10.0.40219.1
Project("{FAE04EC0-301F-11D3-BF4B-00C04F79EFBC}") = "Otogaleri(KayaOtogaleri)_DbFirst_EntityFramework", "Otogaleri(KayaOtogaleri)_DbFirst_EntityFramework\Otogaleri(KayaOtogaleri)_DbFirst_EntityFramework.csproj", "{09FA426A-0058-42C7-908F-EC6678D3E2F9}"
EndProject
Global
	GlobalSection(SolutionConfigurationPlatforms) = preSolution
		Debug|Any CPU = Debug|Any CPU
		Release|Any CPU = Release|Any CPU
	EndGlobalSection
	GlobalSection(ProjectConfigurationPlatforms) = postSolution
		{09FA426A-0058-42C7-908F-EC6678D3E2F9}.Debug|Any CPU.ActiveCfg = Debug|Any CPU
		{09FA426A-0058-42C7-908F-EC6678D3E2F9}.Debug|Any CPU.Build.0 = Debug|Any CPU
		{09FA426A-0058-42C7-908F-EC6678D3E2F9}.Release|Any CPU.ActiveCfg = Release|Any CPU
		{09FA426A-0058-42C7-908F-EC6678D3E2F9}.Release|Any CPU.Build.0 = Release|Any CPU
	EndGlobalSection
	GlobalSection(SolutionProperties) = preSolution
		HideSolutionNode = FALSE
	EndGlobalSection
	GlobalSection(ExtensibilityGlobals) = postSolution
		SolutionGuid = {FD464990-7B51-4602-BE4B-3470BD15A3F8}
	EndGlobalSection
EndGlobal
